// !$*UTF8*$!
{
	archiveVersion = 1;
	classes = {
	};
	objectVersion = 56;
	objects = {

/* Begin PBXBuildFile section */
		7908AA3C29E8BC6500E8C84A /* ShapePlusStroke.swift in Sources */ = {isa = PBXBuildFile; fileRef = 7908AA3B29E8BC6500E8C84A /* ShapePlusStroke.swift */; };
		7908AA3E29E8BCEB00E8C84A /* MyActions.sks in Resources */ = {isa = PBXBuildFile; fileRef = 7908AA3D29E8BCEB00E8C84A /* MyActions.sks */; };
		7908AA4029E8BD3300E8C84A /* GameScene.swift in Sources */ = {isa = PBXBuildFile; fileRef = 7908AA3F29E8BD3300E8C84A /* GameScene.swift */; };
		7908AA4429E8BF3700E8C84A /* GameFeaturesPageView.swift in Sources */ = {isa = PBXBuildFile; fileRef = 7908AA4329E8BF3700E8C84A /* GameFeaturesPageView.swift */; };
		7908AA4629E8C5E100E8C84A /* OnlineLobbyView.swift in Sources */ = {isa = PBXBuildFile; fileRef = 7908AA4529E8C5E100E8C84A /* OnlineLobbyView.swift */; };
		7908AA4829E8C60100E8C84A /* GameModel.swift in Sources */ = {isa = PBXBuildFile; fileRef = 7908AA4729E8C60100E8C84A /* GameModel.swift */; };
		7908AA4A29E8C61100E8C84A /* PlayerModel.swift in Sources */ = {isa = PBXBuildFile; fileRef = 7908AA4929E8C61100E8C84A /* PlayerModel.swift */; };
		7908AA4C29ECD5E100E8C84A /* GameView.swift in Sources */ = {isa = PBXBuildFile; fileRef = 7908AA4B29ECD5E100E8C84A /* GameView.swift */; };
		7908AA4E29ECD5F800E8C84A /* LocalLobbyView.swift in Sources */ = {isa = PBXBuildFile; fileRef = 7908AA4D29ECD5F800E8C84A /* LocalLobbyView.swift */; };
		7908AA5029ECD66000E8C84A /* PlayView.swift in Sources */ = {isa = PBXBuildFile; fileRef = 7908AA4F29ECD66000E8C84A /* PlayView.swift */; };
		7908AA5229ECD73400E8C84A /* MultiplayerSV.swift in Sources */ = {isa = PBXBuildFile; fileRef = 7908AA5129ECD73400E8C84A /* MultiplayerSV.swift */; };
		7908AA5429ECD7E000E8C84A /* SinglePlayerSV.swift in Sources */ = {isa = PBXBuildFile; fileRef = 7908AA5329ECD7E000E8C84A /* SinglePlayerSV.swift */; };
		7908AA5729EF2BF200E8C84A /* GameViewController.swift in Sources */ = {isa = PBXBuildFile; fileRef = 7908AA5629EF2BF200E8C84A /* GameViewController.swift */; };
		7908AA5929F73AAB00E8C84A /* GameViewModel.swift in Sources */ = {isa = PBXBuildFile; fileRef = 7908AA5829F73AAB00E8C84A /* GameViewModel.swift */; };
		7908AA5B29F73AD300E8C84A /* OnlineViewModel.swift in Sources */ = {isa = PBXBuildFile; fileRef = 7908AA5A29F73AD300E8C84A /* OnlineViewModel.swift */; };
		7908AA5D29F73AF400E8C84A /* LobbyViewModel.swift in Sources */ = {isa = PBXBuildFile; fileRef = 7908AA5C29F73AF400E8C84A /* LobbyViewModel.swift */; };
		7908AA7F29F9D7D700E8C84A /* GameScene.sks in Resources */ = {isa = PBXBuildFile; fileRef = 7908AA7E29F9D7D700E8C84A /* GameScene.sks */; };
		7908AAA62A0054CB00E8C84A /* JoystickModel.swift in Sources */ = {isa = PBXBuildFile; fileRef = 7908AAA52A0054CB00E8C84A /* JoystickModel.swift */; };
		7908AAA92A0383E900E8C84A /* Super Mario Bros. 2.ttf in Resources */ = {isa = PBXBuildFile; fileRef = 7908AAA82A0383E900E8C84A /* Super Mario Bros. 2.ttf */; };
		79243B0429E88D0800174594 /* titleSet.sks in Resources */ = {isa = PBXBuildFile; fileRef = 79243B0229E88D0800174594 /* titleSet.sks */; };
		79243B0A29E8929700174594 /* HomeSrceenView.swift in Sources */ = {isa = PBXBuildFile; fileRef = 79243B0929E8929700174594 /* HomeSrceenView.swift */; };
		79243B0C29E8B04400174594 /* SettingPageView.swift in Sources */ = {isa = PBXBuildFile; fileRef = 79243B0B29E8B04400174594 /* SettingPageView.swift */; };
		79243B0E29E8B05B00174594 /* GamePageView.swift in Sources */ = {isa = PBXBuildFile; fileRef = 79243B0D29E8B05B00174594 /* GamePageView.swift */; };
		79390C742A122D110051A3CF /* ShootingJoysickModel.swift in Sources */ = {isa = PBXBuildFile; fileRef = 79390C732A122D110051A3CF /* ShootingJoysickModel.swift */; };
		7949A02C2A16D36300258759 /* planetGif.gif in Resources */ = {isa = PBXBuildFile; fileRef = 7949A02B2A16D36300258759 /* planetGif.gif */; };
		7949A02F2A16D3E200258759 /* GifView.swift in Sources */ = {isa = PBXBuildFile; fileRef = 7949A02E2A16D3E200258759 /* GifView.swift */; };
		7949A03B2A2D751600258759 /* Assets.xcassets in Resources */ = {isa = PBXBuildFile; fileRef = 797AC19C29E738EB00398669 /* Assets.xcassets */; };
		797AC19929E738EA00398669 /* GalacticConqestApp.swift in Sources */ = {isa = PBXBuildFile; fileRef = 797AC19829E738EA00398669 /* GalacticConqestApp.swift */; };
		797AC19B29E738EA00398669 /* ContentView.swift in Sources */ = {isa = PBXBuildFile; fileRef = 797AC19A29E738EA00398669 /* ContentView.swift */; };
		797AC1A029E738EB00398669 /* Preview Assets.xcassets in Resources */ = {isa = PBXBuildFile; fileRef = 797AC19F29E738EB00398669 /* Preview Assets.xcassets */; };
		797F0C412A2E591B00A7FC3A /* EnemySpriteController.swift in Sources */ = {isa = PBXBuildFile; fileRef = 797F0C402A2E591B00A7FC3A /* EnemySpriteController.swift */; };
/* End PBXBuildFile section */

/* Begin PBXFileReference section */
		7908AA3B29E8BC6500E8C84A /* ShapePlusStroke.swift */ = {isa = PBXFileReference; lastKnownFileType = sourcecode.swift; path = ShapePlusStroke.swift; sourceTree = "<group>"; };
		7908AA3D29E8BCEB00E8C84A /* MyActions.sks */ = {isa = PBXFileReference; lastKnownFileType = file.sks; path = MyActions.sks; sourceTree = "<group>"; };
		7908AA3F29E8BD3300E8C84A /* GameScene.swift */ = {isa = PBXFileReference; lastKnownFileType = sourcecode.swift; path = GameScene.swift; sourceTree = "<group>"; };
		7908AA4329E8BF3700E8C84A /* GameFeaturesPageView.swift */ = {isa = PBXFileReference; lastKnownFileType = sourcecode.swift; path = GameFeaturesPageView.swift; sourceTree = "<group>"; };
		7908AA4529E8C5E100E8C84A /* OnlineLobbyView.swift */ = {isa = PBXFileReference; lastKnownFileType = sourcecode.swift; path = OnlineLobbyView.swift; sourceTree = "<group>"; };
		7908AA4729E8C60100E8C84A /* GameModel.swift */ = {isa = PBXFileReference; lastKnownFileType = sourcecode.swift; path = GameModel.swift; sourceTree = "<group>"; };
		7908AA4929E8C61100E8C84A /* PlayerModel.swift */ = {isa = PBXFileReference; lastKnownFileType = sourcecode.swift; path = PlayerModel.swift; sourceTree = "<group>"; };
		7908AA4B29ECD5E100E8C84A /* GameView.swift */ = {isa = PBXFileReference; lastKnownFileType = sourcecode.swift; path = GameView.swift; sourceTree = "<group>"; };
		7908AA4D29ECD5F800E8C84A /* LocalLobbyView.swift */ = {isa = PBXFileReference; lastKnownFileType = sourcecode.swift; path = LocalLobbyView.swift; sourceTree = "<group>"; };
		7908AA4F29ECD66000E8C84A /* PlayView.swift */ = {isa = PBXFileReference; lastKnownFileType = sourcecode.swift; path = PlayView.swift; sourceTree = "<group>"; };
		7908AA5129ECD73400E8C84A /* MultiplayerSV.swift */ = {isa = PBXFileReference; lastKnownFileType = sourcecode.swift; path = MultiplayerSV.swift; sourceTree = "<group>"; };
		7908AA5329ECD7E000E8C84A /* SinglePlayerSV.swift */ = {isa = PBXFileReference; lastKnownFileType = sourcecode.swift; path = SinglePlayerSV.swift; sourceTree = "<group>"; };
		7908AA5629EF2BF200E8C84A /* GameViewController.swift */ = {isa = PBXFileReference; lastKnownFileType = sourcecode.swift; path = GameViewController.swift; sourceTree = "<group>"; };
		7908AA5829F73AAB00E8C84A /* GameViewModel.swift */ = {isa = PBXFileReference; lastKnownFileType = sourcecode.swift; path = GameViewModel.swift; sourceTree = "<group>"; };
		7908AA5A29F73AD300E8C84A /* OnlineViewModel.swift */ = {isa = PBXFileReference; lastKnownFileType = sourcecode.swift; path = OnlineViewModel.swift; sourceTree = "<group>"; };
		7908AA5C29F73AF400E8C84A /* LobbyViewModel.swift */ = {isa = PBXFileReference; lastKnownFileType = sourcecode.swift; path = LobbyViewModel.swift; sourceTree = "<group>"; };
		7908AA7E29F9D7D700E8C84A /* GameScene.sks */ = {isa = PBXFileReference; lastKnownFileType = file.sks; path = GameScene.sks; sourceTree = "<group>"; };
		7908AAA52A0054CB00E8C84A /* JoystickModel.swift */ = {isa = PBXFileReference; lastKnownFileType = sourcecode.swift; path = JoystickModel.swift; sourceTree = "<group>"; };
		7908AAA82A0383E900E8C84A /* Super Mario Bros. 2.ttf */ = {isa = PBXFileReference; lastKnownFileType = file; path = "Super Mario Bros. 2.ttf"; sourceTree = "<group>"; };
		7908AAAA2A03864900E8C84A /* Info.plist */ = {isa = PBXFileReference; lastKnownFileType = text.plist.xml; path = Info.plist; sourceTree = "<group>"; };
		79243B0229E88D0800174594 /* titleSet.sks */ = {isa = PBXFileReference; lastKnownFileType = file.sks; path = titleSet.sks; sourceTree = "<group>"; };
		79243B0929E8929700174594 /* HomeSrceenView.swift */ = {isa = PBXFileReference; lastKnownFileType = sourcecode.swift; path = HomeSrceenView.swift; sourceTree = "<group>"; };
		79243B0B29E8B04400174594 /* SettingPageView.swift */ = {isa = PBXFileReference; lastKnownFileType = sourcecode.swift; path = SettingPageView.swift; sourceTree = "<group>"; };
		79243B0D29E8B05B00174594 /* GamePageView.swift */ = {isa = PBXFileReference; lastKnownFileType = sourcecode.swift; path = GamePageView.swift; sourceTree = "<group>"; };
		79390C732A122D110051A3CF /* ShootingJoysickModel.swift */ = {isa = PBXFileReference; lastKnownFileType = sourcecode.swift; path = ShootingJoysickModel.swift; sourceTree = "<group>"; };
		7949A02B2A16D36300258759 /* planetGif.gif */ = {isa = PBXFileReference; lastKnownFileType = image.gif; path = planetGif.gif; sourceTree = "<group>"; };
		7949A02E2A16D3E200258759 /* GifView.swift */ = {isa = PBXFileReference; lastKnownFileType = sourcecode.swift; path = GifView.swift; sourceTree = "<group>"; };
		797AC19529E738EA00398669 /* GalacticConqest.app */ = {isa = PBXFileReference; explicitFileType = wrapper.application; includeInIndex = 0; path = GalacticConqest.app; sourceTree = BUILT_PRODUCTS_DIR; };
		797AC19829E738EA00398669 /* GalacticConqestApp.swift */ = {isa = PBXFileReference; lastKnownFileType = sourcecode.swift; path = GalacticConqestApp.swift; sourceTree = "<group>"; };
		797AC19A29E738EA00398669 /* ContentView.swift */ = {isa = PBXFileReference; lastKnownFileType = sourcecode.swift; path = ContentView.swift; sourceTree = "<group>"; };
		797AC19C29E738EB00398669 /* Assets.xcassets */ = {isa = PBXFileReference; lastKnownFileType = folder.assetcatalog; path = Assets.xcassets; sourceTree = "<group>"; };
		797AC19F29E738EB00398669 /* Preview Assets.xcassets */ = {isa = PBXFileReference; lastKnownFileType = folder.assetcatalog; path = "Preview Assets.xcassets"; sourceTree = "<group>"; };
		797F0C402A2E591B00A7FC3A /* EnemySpriteController.swift */ = {isa = PBXFileReference; lastKnownFileType = sourcecode.swift; path = EnemySpriteController.swift; sourceTree = "<group>"; };
/* End PBXFileReference section */

/* Begin PBXFrameworksBuildPhase section */
		797AC19229E738EA00398669 /* Frameworks */ = {
			isa = PBXFrameworksBuildPhase;
			buildActionMask = 2147483647;
			files = (
			);
			runOnlyForDeploymentPostprocessing = 0;
		};
/* End PBXFrameworksBuildPhase section */

/* Begin PBXGroup section */
		7908AA5529ECD7F700E8C84A /* FeaturesView */ = {
			isa = PBXGroup;
			children = (
				7908AA4329E8BF3700E8C84A /* GameFeaturesPageView.swift */,
			);
			path = FeaturesView;
			sourceTree = "<group>";
		};
		7908AAA72A0383A100E8C84A /* Fonts */ = {
			isa = PBXGroup;
			children = (
				7908AAA82A0383E900E8C84A /* Super Mario Bros. 2.ttf */,
			);
			path = Fonts;
			sourceTree = "<group>";
		};
		79243AFC29E88B8800174594 /* View */ = {
			isa = PBXGroup;
			children = (
				7949A02D2A16D3AD00258759 /* GifAssetsView */,
				79243B0929E8929700174594 /* HomeSrceenView.swift */,
				79243B0B29E8B04400174594 /* SettingPageView.swift */,
				79243B0D29E8B05B00174594 /* GamePageView.swift */,
				7908AA5529ECD7F700E8C84A /* FeaturesView */,
				7908AA4F29ECD66000E8C84A /* PlayView.swift */,
				7908AA4B29ECD5E100E8C84A /* GameView.swift */,
				7908AA5329ECD7E000E8C84A /* SinglePlayerSV.swift */,
				7908AA5129ECD73400E8C84A /* MultiplayerSV.swift */,
				7908AA4529E8C5E100E8C84A /* OnlineLobbyView.swift */,
				7908AA4D29ECD5F800E8C84A /* LocalLobbyView.swift */,
			);
			path = View;
			sourceTree = "<group>";
		};
		79243AFD29E88B9900174594 /* ViewModel */ = {
			isa = PBXGroup;
			children = (
				7908AA5829F73AAB00E8C84A /* GameViewModel.swift */,
				7908AA5A29F73AD300E8C84A /* OnlineViewModel.swift */,
				7908AA5C29F73AF400E8C84A /* LobbyViewModel.swift */,
			);
			path = ViewModel;
			sourceTree = "<group>";
		};
		79243AFE29E88BA600174594 /* Model */ = {
			isa = PBXGroup;
			children = (
				7908AA4729E8C60100E8C84A /* GameModel.swift */,
				7908AA4929E8C61100E8C84A /* PlayerModel.swift */,
			);
			path = Model;
			sourceTree = "<group>";
		};
		79243AFF29E88C2B00174594 /* SpritekitGame */ = {
			isa = PBXGroup;
			children = (
				79243B0629E88D7000174594 /* GamesTitles */,
				7908AA3D29E8BCEB00E8C84A /* MyActions.sks */,
				7908AA7E29F9D7D700E8C84A /* GameScene.sks */,
				7908AA3F29E8BD3300E8C84A /* GameScene.swift */,
				7908AAA52A0054CB00E8C84A /* JoystickModel.swift */,
				79390C732A122D110051A3CF /* ShootingJoysickModel.swift */,
				797F0C402A2E591B00A7FC3A /* EnemySpriteController.swift */,
				7908AA5629EF2BF200E8C84A /* GameViewController.swift */,
			);
			path = SpritekitGame;
			sourceTree = "<group>";
		};
		79243B0629E88D7000174594 /* GamesTitles */ = {
			isa = PBXGroup;
			children = (
				79243B0229E88D0800174594 /* titleSet.sks */,
			);
			path = GamesTitles;
			sourceTree = "<group>";
		};
		79243B1129E8BBC200174594 /* Extensions */ = {
			isa = PBXGroup;
			children = (
				7908AA3B29E8BC6500E8C84A /* ShapePlusStroke.swift */,
			);
			path = Extensions;
			sourceTree = "<group>";
		};
		7949A02A2A16D33400258759 /* GifAssets */ = {
			isa = PBXGroup;
			children = (
				7949A02B2A16D36300258759 /* planetGif.gif */,
			);
			path = GifAssets;
			sourceTree = "<group>";
		};
		7949A02D2A16D3AD00258759 /* GifAssetsView */ = {
			isa = PBXGroup;
			children = (
				7949A02E2A16D3E200258759 /* GifView.swift */,
			);
			path = GifAssetsView;
			sourceTree = "<group>";
		};
		797AC18C29E738EA00398669 = {
			isa = PBXGroup;
			children = (
				797AC19729E738EA00398669 /* GalacticConqest */,
				797AC19629E738EA00398669 /* Products */,
			);
			sourceTree = "<group>";
		};
		797AC19629E738EA00398669 /* Products */ = {
			isa = PBXGroup;
			children = (
				797AC19529E738EA00398669 /* GalacticConqest.app */,
			);
			name = Products;
			sourceTree = "<group>";
		};
		797AC19729E738EA00398669 /* GalacticConqest */ = {
			isa = PBXGroup;
			children = (
				7908AAAA2A03864900E8C84A /* Info.plist */,
				79243AFF29E88C2B00174594 /* SpritekitGame */,
				79243AFE29E88BA600174594 /* Model */,
				79243AFD29E88B9900174594 /* ViewModel */,
				79243AFC29E88B8800174594 /* View */,
				797AC19829E738EA00398669 /* GalacticConqestApp.swift */,
				797AC19A29E738EA00398669 /* ContentView.swift */,
				797AC19C29E738EB00398669 /* Assets.xcassets */,
				79243B1129E8BBC200174594 /* Extensions */,
				7949A02A2A16D33400258759 /* GifAssets */,
				7908AAA72A0383A100E8C84A /* Fonts */,
				797AC19E29E738EB00398669 /* Preview Content */,
			);
			path = GalacticConqest;
			sourceTree = "<group>";
		};
		797AC19E29E738EB00398669 /* Preview Content */ = {
			isa = PBXGroup;
			children = (
				797AC19F29E738EB00398669 /* Preview Assets.xcassets */,
			);
			path = "Preview Content";
			sourceTree = "<group>";
		};
/* End PBXGroup section */

/* Begin PBXNativeTarget section */
		797AC19429E738EA00398669 /* GalacticConqest */ = {
			isa = PBXNativeTarget;
			buildConfigurationList = 797AC1A329E738EB00398669 /* Build configuration list for PBXNativeTarget "GalacticConqest" */;
			buildPhases = (
				797AC19129E738EA00398669 /* Sources */,
				797AC19229E738EA00398669 /* Frameworks */,
				797AC19329E738EA00398669 /* Resources */,
			);
			buildRules = (
			);
			dependencies = (
			);
			name = GalacticConqest;
			productName = GalacticConqest;
			productReference = 797AC19529E738EA00398669 /* GalacticConqest.app */;
			productType = "com.apple.product-type.application";
		};
/* End PBXNativeTarget section */

/* Begin PBXProject section */
		797AC18D29E738EA00398669 /* Project object */ = {
			isa = PBXProject;
			attributes = {
				BuildIndependentTargetsInParallel = 1;
				LastSwiftUpdateCheck = 1420;
				LastUpgradeCheck = 1420;
				TargetAttributes = {
					797AC19429E738EA00398669 = {
						CreatedOnToolsVersion = 14.2;
					};
				};
			};
			buildConfigurationList = 797AC19029E738EA00398669 /* Build configuration list for PBXProject "GalacticConqest" */;
			compatibilityVersion = "Xcode 14.0";
			developmentRegion = en;
			hasScannedForEncodings = 0;
			knownRegions = (
				en,
				Base,
			);
			mainGroup = 797AC18C29E738EA00398669;
			productRefGroup = 797AC19629E738EA00398669 /* Products */;
			projectDirPath = "";
			projectRoot = "";
			targets = (
				797AC19429E738EA00398669 /* GalacticConqest */,
			);
		};
/* End PBXProject section */

/* Begin PBXResourcesBuildPhase section */
		797AC19329E738EA00398669 /* Resources */ = {
			isa = PBXResourcesBuildPhase;
			buildActionMask = 2147483647;
			files = (
				7908AAA92A0383E900E8C84A /* Super Mario Bros. 2.ttf in Resources */,
				797AC1A029E738EB00398669 /* Preview Assets.xcassets in Resources */,
				7908AA3E29E8BCEB00E8C84A /* MyActions.sks in Resources */,
				7949A02C2A16D36300258759 /* planetGif.gif in Resources */,
				7949A03B2A2D751600258759 /* Assets.xcassets in Resources */,
				79243B0429E88D0800174594 /* titleSet.sks in Resources */,
				7908AA7F29F9D7D700E8C84A /* GameScene.sks in Resources */,
			);
			runOnlyForDeploymentPostprocessing = 0;
		};
/* End PBXResourcesBuildPhase section */

/* Begin PBXSourcesBuildPhase section */
		797AC19129E738EA00398669 /* Sources */ = {
			isa = PBXSourcesBuildPhase;
			buildActionMask = 2147483647;
			files = (
				7908AA5929F73AAB00E8C84A /* GameViewModel.swift in Sources */,
				797AC19B29E738EA00398669 /* ContentView.swift in Sources */,
				7908AA4A29E8C61100E8C84A /* PlayerModel.swift in Sources */,
				79243B0E29E8B05B00174594 /* GamePageView.swift in Sources */,
				797AC19929E738EA00398669 /* GalacticConqestApp.swift in Sources */,
				7908AA5229ECD73400E8C84A /* MultiplayerSV.swift in Sources */,
				7908AA4629E8C5E100E8C84A /* OnlineLobbyView.swift in Sources */,
				79390C742A122D110051A3CF /* ShootingJoysickModel.swift in Sources */,
				7908AA5B29F73AD300E8C84A /* OnlineViewModel.swift in Sources */,
				7908AA5729EF2BF200E8C84A /* GameViewController.swift in Sources */,
				79243B0A29E8929700174594 /* HomeSrceenView.swift in Sources */,
				7908AAA62A0054CB00E8C84A /* JoystickModel.swift in Sources */,
				7908AA4829E8C60100E8C84A /* GameModel.swift in Sources */,
				79243B0C29E8B04400174594 /* SettingPageView.swift in Sources */,
				7908AA4029E8BD3300E8C84A /* GameScene.swift in Sources */,
				7949A02F2A16D3E200258759 /* GifView.swift in Sources */,
				7908AA4429E8BF3700E8C84A /* GameFeaturesPageView.swift in Sources */,
				7908AA5429ECD7E000E8C84A /* SinglePlayerSV.swift in Sources */,
				7908AA5029ECD66000E8C84A /* PlayView.swift in Sources */,
				7908AA4C29ECD5E100E8C84A /* GameView.swift in Sources */,
				7908AA3C29E8BC6500E8C84A /* ShapePlusStroke.swift in Sources */,
				7908AA4E29ECD5F800E8C84A /* LocalLobbyView.swift in Sources */,
				7908AA5D29F73AF400E8C84A /* LobbyViewModel.swift in Sources */,
				797F0C412A2E591B00A7FC3A /* EnemySpriteController.swift in Sources */,
			);
			runOnlyForDeploymentPostprocessing = 0;
		};
/* End PBXSourcesBuildPhase section */

/* Begin XCBuildConfiguration section */
		797AC1A129E738EB00398669 /* Debug */ = {
			isa = XCBuildConfiguration;
			buildSettings = {
				ALWAYS_SEARCH_USER_PATHS = NO;
				CLANG_ANALYZER_NONNULL = YES;
				CLANG_ANALYZER_NUMBER_OBJECT_CONVERSION = YES_AGGRESSIVE;
				CLANG_CXX_LANGUAGE_STANDARD = "gnu++20";
				CLANG_ENABLE_MODULES = YES;
				CLANG_ENABLE_OBJC_ARC = YES;
				CLANG_ENABLE_OBJC_WEAK = YES;
				CLANG_WARN_BLOCK_CAPTURE_AUTORELEASING = YES;
				CLANG_WARN_BOOL_CONVERSION = YES;
				CLANG_WARN_COMMA = YES;
				CLANG_WARN_CONSTANT_CONVERSION = YES;
				CLANG_WARN_DEPRECATED_OBJC_IMPLEMENTATIONS = YES;
				CLANG_WARN_DIRECT_OBJC_ISA_USAGE = YES_ERROR;
				CLANG_WARN_DOCUMENTATION_COMMENTS = YES;
				CLANG_WARN_EMPTY_BODY = YES;
				CLANG_WARN_ENUM_CONVERSION = YES;
				CLANG_WARN_INFINITE_RECURSION = YES;
				CLANG_WARN_INT_CONVERSION = YES;
				CLANG_WARN_NON_LITERAL_NULL_CONVERSION = YES;
				CLANG_WARN_OBJC_IMPLICIT_RETAIN_SELF = YES;
				CLANG_WARN_OBJC_LITERAL_CONVERSION = YES;
				CLANG_WARN_OBJC_ROOT_CLASS = YES_ERROR;
				CLANG_WARN_QUOTED_INCLUDE_IN_FRAMEWORK_HEADER = YES;
				CLANG_WARN_RANGE_LOOP_ANALYSIS = YES;
				CLANG_WARN_STRICT_PROTOTYPES = YES;
				CLANG_WARN_SUSPICIOUS_MOVE = YES;
				CLANG_WARN_UNGUARDED_AVAILABILITY = YES_AGGRESSIVE;
				CLANG_WARN_UNREACHABLE_CODE = YES;
				CLANG_WARN__DUPLICATE_METHOD_MATCH = YES;
				COPY_PHASE_STRIP = NO;
				DEBUG_INFORMATION_FORMAT = dwarf;
				ENABLE_STRICT_OBJC_MSGSEND = YES;
				ENABLE_TESTABILITY = YES;
				GCC_C_LANGUAGE_STANDARD = gnu11;
				GCC_DYNAMIC_NO_PIC = NO;
				GCC_NO_COMMON_BLOCKS = YES;
				GCC_OPTIMIZATION_LEVEL = 0;
				GCC_PREPROCESSOR_DEFINITIONS = (
					"DEBUG=1",
					"$(inherited)",
				);
				GCC_WARN_64_TO_32_BIT_CONVERSION = YES;
				GCC_WARN_ABOUT_RETURN_TYPE = YES_ERROR;
				GCC_WARN_UNDECLARED_SELECTOR = YES;
				GCC_WARN_UNINITIALIZED_AUTOS = YES_AGGRESSIVE;
				GCC_WARN_UNUSED_FUNCTION = YES;
				GCC_WARN_UNUSED_VARIABLE = YES;
				IPHONEOS_DEPLOYMENT_TARGET = 16.2;
				MTL_ENABLE_DEBUG_INFO = INCLUDE_SOURCE;
				MTL_FAST_MATH = YES;
				ONLY_ACTIVE_ARCH = YES;
				SDKROOT = iphoneos;
				SWIFT_ACTIVE_COMPILATION_CONDITIONS = DEBUG;
				SWIFT_OPTIMIZATION_LEVEL = "-Onone";
			};
			name = Debug;
		};
		797AC1A229E738EB00398669 /* Release */ = {
			isa = XCBuildConfiguration;
			buildSettings = {
				ALWAYS_SEARCH_USER_PATHS = NO;
				CLANG_ANALYZER_NONNULL = YES;
				CLANG_ANALYZER_NUMBER_OBJECT_CONVERSION = YES_AGGRESSIVE;
				CLANG_CXX_LANGUAGE_STANDARD = "gnu++20";
				CLANG_ENABLE_MODULES = YES;
				CLANG_ENABLE_OBJC_ARC = YES;
				CLANG_ENABLE_OBJC_WEAK = YES;
				CLANG_WARN_BLOCK_CAPTURE_AUTORELEASING = YES;
				CLANG_WARN_BOOL_CONVERSION = YES;
				CLANG_WARN_COMMA = YES;
				CLANG_WARN_CONSTANT_CONVERSION = YES;
				CLANG_WARN_DEPRECATED_OBJC_IMPLEMENTATIONS = YES;
				CLANG_WARN_DIRECT_OBJC_ISA_USAGE = YES_ERROR;
				CLANG_WARN_DOCUMENTATION_COMMENTS = YES;
				CLANG_WARN_EMPTY_BODY = YES;
				CLANG_WARN_ENUM_CONVERSION = YES;
				CLANG_WARN_INFINITE_RECURSION = YES;
				CLANG_WARN_INT_CONVERSION = YES;
				CLANG_WARN_NON_LITERAL_NULL_CONVERSION = YES;
				CLANG_WARN_OBJC_IMPLICIT_RETAIN_SELF = YES;
				CLANG_WARN_OBJC_LITERAL_CONVERSION = YES;
				CLANG_WARN_OBJC_ROOT_CLASS = YES_ERROR;
				CLANG_WARN_QUOTED_INCLUDE_IN_FRAMEWORK_HEADER = YES;
				CLANG_WARN_RANGE_LOOP_ANALYSIS = YES;
				CLANG_WARN_STRICT_PROTOTYPES = YES;
				CLANG_WARN_SUSPICIOUS_MOVE = YES;
				CLANG_WARN_UNGUARDED_AVAILABILITY = YES_AGGRESSIVE;
				CLANG_WARN_UNREACHABLE_CODE = YES;
				CLANG_WARN__DUPLICATE_METHOD_MATCH = YES;
				COPY_PHASE_STRIP = NO;
				DEBUG_INFORMATION_FORMAT = "dwarf-with-dsym";
				ENABLE_NS_ASSERTIONS = NO;
				ENABLE_STRICT_OBJC_MSGSEND = YES;
				GCC_C_LANGUAGE_STANDARD = gnu11;
				GCC_NO_COMMON_BLOCKS = YES;
				GCC_WARN_64_TO_32_BIT_CONVERSION = YES;
				GCC_WARN_ABOUT_RETURN_TYPE = YES_ERROR;
				GCC_WARN_UNDECLARED_SELECTOR = YES;
				GCC_WARN_UNINITIALIZED_AUTOS = YES_AGGRESSIVE;
				GCC_WARN_UNUSED_FUNCTION = YES;
				GCC_WARN_UNUSED_VARIABLE = YES;
				IPHONEOS_DEPLOYMENT_TARGET = 16.2;
				MTL_ENABLE_DEBUG_INFO = NO;
				MTL_FAST_MATH = YES;
				SDKROOT = iphoneos;
				SWIFT_COMPILATION_MODE = wholemodule;
				SWIFT_OPTIMIZATION_LEVEL = "-O";
				VALIDATE_PRODUCT = YES;
			};
			name = Release;
		};
		797AC1A429E738EB00398669 /* Debug */ = {
			isa = XCBuildConfiguration;
			buildSettings = {
				ASSETCATALOG_COMPILER_APPICON_NAME = AppIcon;
				ASSETCATALOG_COMPILER_GLOBAL_ACCENT_COLOR_NAME = AccentColor;
				ASSETCATALOG_COMPILER_INCLUDE_ALL_APPICON_ASSETS = YES;
				CODE_SIGN_STYLE = Automatic;
				CURRENT_PROJECT_VERSION = 1;
				DEVELOPMENT_ASSET_PATHS = "\"GalacticConqest/Preview Content\"";
				DEVELOPMENT_TEAM = V2J8W6ZD56;
				ENABLE_PREVIEWS = YES;
				GENERATE_INFOPLIST_FILE = YES;
				INFOPLIST_FILE = GalacticConqest/Info.plist;
				INFOPLIST_KEY_UIApplicationSupportsIndirectInputEvents = YES;
				INFOPLIST_KEY_UILaunchScreen_Generation = YES;
				INFOPLIST_KEY_UISupportedInterfaceOrientations = "UIInterfaceOrientationLandscapeLeft UIInterfaceOrientationLandscapeRight";
				INFOPLIST_KEY_UISupportedInterfaceOrientations_iPad = "UIInterfaceOrientationLandscapeLeft UIInterfaceOrientationLandscapeRight UIInterfaceOrientationPortrait UIInterfaceOrientationPortraitUpsideDown";
				LD_RUNPATH_SEARCH_PATHS = (
					"$(inherited)",
					"@executable_path/Frameworks",
				);
				MARKETING_VERSION = 1.0;
				PRODUCT_BUNDLE_IDENTIFIER = "Edu.Dixietech.ethanthomas-gmail.com.GalacticConqest";
				PRODUCT_NAME = "$(TARGET_NAME)";
				SWIFT_EMIT_LOC_STRINGS = YES;
				SWIFT_VERSION = 5.0;
				TARGETED_DEVICE_FAMILY = "1,2";
			};
			name = Debug;
		};
		797AC1A529E738EB00398669 /* Release */ = {
			isa = XCBuildConfiguration;
			buildSettings = {
				ASSETCATALOG_COMPILER_APPICON_NAME = AppIcon;
				ASSETCATALOG_COMPILER_GLOBAL_ACCENT_COLOR_NAME = AccentColor;
				ASSETCATALOG_COMPILER_INCLUDE_ALL_APPICON_ASSETS = YES;
				CODE_SIGN_STYLE = Automatic;
				CURRENT_PROJECT_VERSION = 1;
				DEVELOPMENT_ASSET_PATHS = "\"GalacticConqest/Preview Content\"";
				DEVELOPMENT_TEAM = V2J8W6ZD56;
				ENABLE_PREVIEWS = YES;
				GENERATE_INFOPLIST_FILE = YES;
				INFOPLIST_FILE = GalacticConqest/Info.plist;
				INFOPLIST_KEY_UIApplicationSupportsIndirectInputEvents = YES;
				INFOPLIST_KEY_UILaunchScreen_Generation = YES;
				INFOPLIST_KEY_UISupportedInterfaceOrientations = "UIInterfaceOrientationLandscapeLeft UIInterfaceOrientationLandscapeRight";
				INFOPLIST_KEY_UISupportedInterfaceOrientations_iPad = "UIInterfaceOrientationLandscapeLeft UIInterfaceOrientationLandscapeRight UIInterfaceOrientationPortrait UIInterfaceOrientationPortraitUpsideDown";
				LD_RUNPATH_SEARCH_PATHS = (
					"$(inherited)",
					"@executable_path/Frameworks",
				);
				MARKETING_VERSION = 1.0;
				PRODUCT_BUNDLE_IDENTIFIER = "Edu.Dixietech.ethanthomas-gmail.com.GalacticConqest";
				PRODUCT_NAME = "$(TARGET_NAME)";
				SWIFT_EMIT_LOC_STRINGS = YES;
				SWIFT_VERSION = 5.0;
				TARGETED_DEVICE_FAMILY = "1,2";
			};
			name = Release;
		};
/* End XCBuildConfiguration section */

/* Begin XCConfigurationList section */
		797AC19029E738EA00398669 /* Build configuration list for PBXProject "GalacticConqest" */ = {
			isa = XCConfigurationList;
			buildConfigurations = (
				797AC1A129E738EB00398669 /* Debug */,
				797AC1A229E738EB00398669 /* Release */,
			);
			defaultConfigurationIsVisible = 0;
			defaultConfigurationName = Release;
		};
		797AC1A329E738EB00398669 /* Build configuration list for PBXNativeTarget "GalacticConqest" */ = {
			isa = XCConfigurationList;
			buildConfigurations = (
				797AC1A429E738EB00398669 /* Debug */,
				797AC1A529E738EB00398669 /* Release */,
			);
			defaultConfigurationIsVisible = 0;
			defaultConfigurationName = Release;
		};
/* End XCConfigurationList section */
	};
	rootObject = 797AC18D29E738EA00398669 /* Project object */;
}
